
Microsoft Visual Studio Solution File, Format Version 12.00
# Visual Studio Version 16
VisualStudioVersion = 16.0.29709.97
MinimumVisualStudioVersion = 10.0.40219.1
Project("{FAE04EC0-301F-11D3-BF4B-00C04F79EFBC}") = "DepartmentServer", "DepartmentServer.csproj", "{D421D7A1-80EA-466E-9CAC-38E781BB8266}"
EndProject
Global
	GlobalSection(SolutionConfigurationPlatforms) = preSolution
		Debug|Any CPU = Debug|Any CPU
		Release|Any CPU = Release|Any CPU
	EndGlobalSection
	GlobalSection(ProjectConfigurationPlatforms) = postSolution
		{D421D7A1-80EA-466E-9CAC-38E781BB8266}.Debug|Any CPU.ActiveCfg = Debug|Any CPU
		{D421D7A1-80EA-466E-9CAC-38E781BB8266}.Debug|Any CPU.Build.0 = Debug|Any CPU
		{D421D7A1-80EA-466E-9CAC-38E781BB8266}.Release|Any CPU.ActiveCfg = Release|Any CPU
		{D421D7A1-80EA-466E-9CAC-38E781BB8266}.Release|Any CPU.Build.0 = Release|Any CPU
	EndGlobalSection
	GlobalSection(SolutionProperties) = preSolution
		HideSolutionNode = FALSE
	EndGlobalSection
	GlobalSection(ExtensibilityGlobals) = postSolution
		SolutionGuid = {DD5F3985-3F1C-4157-AB9D-D42172F08F15}
	EndGlobalSection
EndGlobal
